name: Update flake.lock

on:
  schedule:
    - cron: "0 3 * * *"
  workflow_dispatch:

concurrency:
  group: update-flake-lock
  cancel-in-progress: true

jobs:
  lockfile:
    name: Update flake.lock
    runs-on: ubuntu-latest
    permissions:
      contents: write
    steps:
      - name: Check out repository
        uses: actions/checkout@v4

      - name: Install Nix
        uses: DeterminateSystems/nix-installer-action@v22

      - name: Update and push flake.lock
        run: |
          set -euo pipefail
          git config user.name "github-actions[bot]"
          git config user.email "github-actions[bot]@users.noreply.github.com"
          nix flake update
          if git diff --quiet flake.lock; then
            echo "flake.lock already up to date"
            exit 0
          fi
          git add flake.lock
          git commit -m "chore: update flake.lock"
          git push
